
Microsoft Visual Studio Solution File, Format Version 12.00
# Visual Studio Version 16
VisualStudioVersion = 16.0.30517.126
MinimumVisualStudioVersion = 10.0.40219.1
Project("{FAE04EC0-301F-11D3-BF4B-00C04F79EFBC}") = "BadCutType", "BadCutType\BadCutType.csproj", "{3554CDD4-AFF5-4320-90B5-48E34F5E3566}"
EndProject
Global
	GlobalSection(SolutionConfigurationPlatforms) = preSolution
		Debug|Any CPU = Debug|Any CPU
		Release|Any CPU = Release|Any CPU
	EndGlobalSection
	GlobalSection(ProjectConfigurationPlatforms) = postSolution
		{3554CDD4-AFF5-4320-90B5-48E34F5E3566}.Debug|Any CPU.ActiveCfg = Debug|Any CPU
		{3554CDD4-AFF5-4320-90B5-48E34F5E3566}.Debug|Any CPU.Build.0 = Debug|Any CPU
		{3554CDD4-AFF5-4320-90B5-48E34F5E3566}.Release|Any CPU.ActiveCfg = Release|Any CPU
		{3554CDD4-AFF5-4320-90B5-48E34F5E3566}.Release|Any CPU.Build.0 = Release|Any CPU
	EndGlobalSection
	GlobalSection(SolutionProperties) = preSolution
		HideSolutionNode = FALSE
	EndGlobalSection
	GlobalSection(ExtensibilityGlobals) = postSolution
		SolutionGuid = {14D3C18A-00DC-4D6F-96F9-1A23A3D80AE0}
	EndGlobalSection
EndGlobal
